# Run ./gradlew --write-locks to regenerate this file
com.github.jnr:jffi:1.2.17 (1 constraints: 8b0ce430)
com.github.jnr:jnr-a64asm:1.0.0 (1 constraints: e709bdb2)
com.github.jnr:jnr-constants:0.9.11 (3 constraints: 3c235691)
com.github.jnr:jnr-enxio:0.20 (1 constraints: d20cde08)
com.github.jnr:jnr-ffi:2.1.9 (3 constraints: d722dd54)
com.github.jnr:jnr-posix:3.0.47 (1 constraints: 3c0d2523)
com.github.jnr:jnr-unixsocket:0.22 (1 constraints: d804f130)
com.github.jnr:jnr-x86asm:1.0.2 (1 constraints: e909bfb2)
com.google.android:android:4.1.1.4 (1 constraints: 6a05a340)
com.google.code.findbugs:jsr305:3.0.2 (3 constraints: c81702a8)
com.google.errorprone:error_prone_annotations:2.2.0 (1 constraints: 160aebb4)
com.google.guava:failureaccess:1.0.1 (1 constraints: 140ae1b4)
com.google.guava:guava:27.0.1-jre (2 constraints: 250f4b81)
com.google.guava:listenablefuture:9999.0-empty-to-avoid-conflict-with-guava (1 constraints: bd17c918)
com.google.j2objc:j2objc-annotations:1.1 (1 constraints: b609eba0)
com.squareup.moshi:moshi:1.8.0 (1 constraints: 0b050836)
com.squareup.okio:okio:2.2.2 (2 constraints: 6210dfc0)
commons-codec:commons-codec:1.3 (1 constraints: c30f9871)
commons-logging:commons-logging:1.1.1 (2 constraints: ce1b8488)
io.airlift:airline:0.8 (1 constraints: ac041f2c)
javax.inject:javax.inject:1 (1 constraints: ec07af67)
junit:junit:4.12 (1 constraints: db04ff30)
org.apache.httpcomponents:httpclient:4.0.1 (1 constraints: b10b28e9)
org.apache.httpcomponents:httpcore:4.0.1 (1 constraints: 2210b191)
org.assertj:assertj-core:3.11.0 (1 constraints: 3705383b)
org.bouncycastle:bcprov-jdk15on:1.60 (1 constraints: db04fb30)
org.checkerframework:checker-qual:2.5.2 (1 constraints: 1b0af6b4)
org.codehaus.mojo:animal-sniffer-annotations:1.17 (2 constraints: c90ea76d)
org.conscrypt:conscrypt-openjdk-uber:2.1.0 (1 constraints: 0505f835)
org.hamcrest:hamcrest-core:1.3 (1 constraints: cc05fe3f)
org.jetbrains:annotations:13.0 (1 constraints: df0e795c)
org.jetbrains.kotlin:kotlin-stdlib:1.3.20 (2 constraints: b70f65a6)
org.jetbrains.kotlin:kotlin-stdlib-common:1.3.20 (1 constraints: 3f0fc07a)
org.json:json:20080701 (1 constraints: 520cac0d)
org.jsoup:jsoup:1.11.3 (1 constraints: 38052f3b)
org.khronos:opengl-api:gl1.1-android-2.1_r1 (1 constraints: f110c5c9)
org.ow2.asm:asm:5.0.3 (2 constraints: e212e268)
org.ow2.asm:asm-analysis:5.0.3 (1 constraints: ee09d4b2)
org.ow2.asm:asm-commons:5.0.3 (1 constraints: ee09d4b2)
org.ow2.asm:asm-tree:5.0.3 (4 constraints: d8272223)
org.ow2.asm:asm-util:5.0.3 (1 constraints: ee09d4b2)
xerces:xmlParserAPIs:2.6.2 (1 constraints: b60b31e9)
xpp3:xpp3:1.1.4c (1 constraints: 150c34f5)
